
Microsoft Visual Studio Solution File, Format Version 12.00
# Visual Studio Version 16
VisualStudioVersion = 16.0.32802.440
MinimumVisualStudioVersion = 10.0.40219.1
Project("{8BC9CEB8-8B4A-11D0-8D11-00A0C91BC942}") = "Sandbox", "Sandbox\Sandbox.vcxproj", "{7ADC7750-42A0-4AB6-A809-F07A603B3525}"
EndProject
Project("{8BC9CEB8-8B4A-11D0-8D11-00A0C91BC942}") = "TerraformCrater", "TerraformCrater\TerraformCrater.vcxproj", "{76DF6659-5554-46B7-85D4-A98F1647EC93}"
EndProject
Global
	GlobalSection(SolutionConfigurationPlatforms) = preSolution
		Debug|x64 = Debug|x64
		Release|x64 = Release|x64
	EndGlobalSection
	GlobalSection(ProjectConfigurationPlatforms) = postSolution
		{7ADC7750-42A0-4AB6-A809-F07A603B3525}.Debug|x64.ActiveCfg = Debug|x64
		{7ADC7750-42A0-4AB6-A809-F07A603B3525}.Debug|x64.Build.0 = Debug|x64
		{7ADC7750-42A0-4AB6-A809-F07A603B3525}.Release|x64.ActiveCfg = Debug|x64
		{7ADC7750-42A0-4AB6-A809-F07A603B3525}.Release|x64.Build.0 = Debug|x64
		{76DF6659-5554-46B7-85D4-A98F1647EC93}.Debug|x64.ActiveCfg = Debug|x64
		{76DF6659-5554-46B7-85D4-A98F1647EC93}.Debug|x64.Build.0 = Debug|x64
		{76DF6659-5554-46B7-85D4-A98F1647EC93}.Release|x64.ActiveCfg = Debug|x64
		{76DF6659-5554-46B7-85D4-A98F1647EC93}.Release|x64.Build.0 = Debug|x64
	EndGlobalSection
	GlobalSection(SolutionProperties) = preSolution
		HideSolutionNode = FALSE
	EndGlobalSection
	GlobalSection(ExtensibilityGlobals) = postSolution
		SolutionGuid = {D310554B-2394-4789-BFE8-4D4CF98E0683}
	EndGlobalSection
EndGlobal
